
Microsoft Visual Studio Solution File, Format Version 12.00
# Visual Studio 14
VisualStudioVersion = 14.0.24720.0
MinimumVisualStudioVersion = 10.0.40219.1
Project("{FAE04EC0-301F-11D3-BF4B-00C04F79EFBC}") = "CSVLib", "CSVLib\CSVLib.csproj", "{DB7B4CDD-664E-419D-917B-21F277486DE3}"
EndProject
Project("{FAE04EC0-301F-11D3-BF4B-00C04F79EFBC}") = "TestApp", "TestApp\TestApp.csproj", "{F25BAD79-FF8D-4C99-88A9-17509734611F}"
EndProject
Global
	GlobalSection(SolutionConfigurationPlatforms) = preSolution
		Debug|Any CPU = Debug|Any CPU
		Release|Any CPU = Release|Any CPU
	EndGlobalSection
	GlobalSection(ProjectConfigurationPlatforms) = postSolution
		{DB7B4CDD-664E-419D-917B-21F277486DE3}.Debug|Any CPU.ActiveCfg = Debug|Any CPU
		{DB7B4CDD-664E-419D-917B-21F277486DE3}.Debug|Any CPU.Build.0 = Debug|Any CPU
		{DB7B4CDD-664E-419D-917B-21F277486DE3}.Release|Any CPU.ActiveCfg = Release|Any CPU
		{DB7B4CDD-664E-419D-917B-21F277486DE3}.Release|Any CPU.Build.0 = Release|Any CPU
		{F25BAD79-FF8D-4C99-88A9-17509734611F}.Debug|Any CPU.ActiveCfg = Debug|Any CPU
		{F25BAD79-FF8D-4C99-88A9-17509734611F}.Debug|Any CPU.Build.0 = Debug|Any CPU
		{F25BAD79-FF8D-4C99-88A9-17509734611F}.Release|Any CPU.ActiveCfg = Release|Any CPU
		{F25BAD79-FF8D-4C99-88A9-17509734611F}.Release|Any CPU.Build.0 = Release|Any CPU
	EndGlobalSection
	GlobalSection(SolutionProperties) = preSolution
		HideSolutionNode = FALSE
	EndGlobalSection
EndGlobal
